<?xml version="1.0" encoding="utf-8"?>
<Project ToolsVersion="4.0" xmlns="http://schemas.microsoft.com/developer/msbuild/2003">
  <ItemGroup>
    <ClCompile Include="src\testApp.cpp">
      <Filter>src</Filter>
    </ClCompile>
    <ClCompile Include="src\main.cpp">
      <Filter>src</Filter>
    </ClCompile>
    <ClCompile Include="src\DurationController.cpp">
      <Filter>src</Filter>
    </ClCompile>
    <ClCompile Include="src\main.cpp">
      <Filter>src</Filter>
    </ClCompile>
    <ClCompile Include="src\ofxTLUIHeader.cpp">
      <Filter>src</Filter>
    </ClCompile>
    <ClCompile Include="src\testApp.cpp">
      <Filter>src</Filter>
    </ClCompile>
    <ClCompile Include="..\..\..\addons\ofxFTGL\src\ofxFTGLFont.cpp">
      <Filter>addons\ofxFTGL\src</Filter>
    </ClCompile>
    <ClCompile Include="..\..\..\addons\ofxLocalization\src\ofxLocalization.cpp">
      <Filter>addons\ofxLocalization\src</Filter>
    </ClCompile>
    <ClCompile Include="..\..\..\addons\ofxMSATimer\src\ofxMSATimer.cpp">
      <Filter>addons\ofxMSATimer\src</Filter>
    </ClCompile>
    <ClCompile Include="..\..\..\addons\ofxOsc\src\ofxOscBundle.cpp">
      <Filter>addons\ofxOsc\src</Filter>
    </ClCompile>
    <ClCompile Include="..\..\..\addons\ofxOsc\src\ofxOscMessage.cpp">
      <Filter>addons\ofxOsc\src</Filter>
    </ClCompile>
    <ClCompile Include="..\..\..\addons\ofxOsc\src\ofxOscReceiver.cpp">
      <Filter>addons\ofxOsc\src</Filter>
    </ClCompile>
    <ClCompile Include="..\..\..\addons\ofxOsc\src\ofxOscSender.cpp">
      <Filter>addons\ofxOsc\src</Filter>
    </ClCompile>
    <ClCompile Include="..\..\..\addons\ofxOsc\libs\oscpack\src\ip\IpEndpointName.cpp">
      <Filter>addons\ofxOsc\libs\oscpack\src\ip</Filter>
    </ClCompile>
    <ClCompile Include="..\..\..\addons\ofxOsc\libs\oscpack\src\ip\posix\NetworkingUtils.cpp">
      <Filter>addons\ofxOsc\libs\oscpack\src\ip\posix</Filter>
    </ClCompile>
    <ClCompile Include="..\..\..\addons\ofxOsc\libs\oscpack\src\ip\posix\UdpSocket.cpp">
      <Filter>addons\ofxOsc\libs\oscpack\src\ip\posix</Filter>
    </ClCompile>
    <ClCompile Include="..\..\..\addons\ofxOsc\libs\oscpack\src\ip\win32\NetworkingUtilsWin.cpp">
      <Filter>addons\ofxOsc\libs\oscpack\src\ip\win32</Filter>
    </ClCompile>
    <ClCompile Include="..\..\..\addons\ofxOsc\libs\oscpack\src\ip\win32\UdpSocketWin.cpp">
      <Filter>addons\ofxOsc\libs\oscpack\src\ip\win32</Filter>
    </ClCompile>
    <ClCompile Include="..\..\..\addons\ofxOsc\libs\oscpack\src\osc\OscOutboundPacketStream.cpp">
      <Filter>addons\ofxOsc\libs\oscpack\src\osc</Filter>
    </ClCompile>
    <ClCompile Include="..\..\..\addons\ofxOsc\libs\oscpack\src\osc\OscPrintReceivedElements.cpp">
      <Filter>addons\ofxOsc\libs\oscpack\src\osc</Filter>
    </ClCompile>
    <ClCompile Include="..\..\..\addons\ofxOsc\libs\oscpack\src\osc\OscReceivedElements.cpp">
      <Filter>addons\ofxOsc\libs\oscpack\src\osc</Filter>
    </ClCompile>
    <ClCompile Include="..\..\..\addons\ofxOsc\libs\oscpack\src\osc\OscTypes.cpp">
      <Filter>addons\ofxOsc\libs\oscpack\src\osc</Filter>
    </ClCompile>
    <ClCompile Include="..\..\..\addons\ofxTextInputField\src\ofxTextInputField.cpp">
      <Filter>addons\ofxTextInputField\src</Filter>
    </ClCompile>
    <ClCompile Include="..\..\..\addons\ofxTimecode\src\ofxTimecode.cpp">
      <Filter>addons\ofxTimecode\src</Filter>
    </ClCompile>
    <ClCompile Include="..\..\..\addons\ofxTimeline\src\ofxHotKeys_impl_linux.cpp">
      <Filter>addons\ofxTimeline\src</Filter>
    </ClCompile>
    <ClCompile Include="..\..\..\addons\ofxTimeline\src\ofxHotKeys_impl_mac.mm">
      <Filter>addons\ofxTimeline\src</Filter>
    </ClCompile>
    <ClCompile Include="..\..\..\addons\ofxTimeline\src\ofxHotKeys_impl_win.cpp">
      <Filter>addons\ofxTimeline\src</Filter>
    </ClCompile>
    <ClCompile Include="..\..\..\addons\ofxTimeline\src\ofxRemoveCocoaMenu.mm">
      <Filter>addons\ofxTimeline\src</Filter>
    </ClCompile>
    <ClCompile Include="..\..\..\addons\ofxTimeline\src\ofxTimeline.cpp">
      <Filter>addons\ofxTimeline\src</Filter>
    </ClCompile>
    <ClCompile Include="..\..\..\addons\ofxTimeline\src\ofxTLBangs.cpp">
      <Filter>addons\ofxTimeline\src</Filter>
    </ClCompile>
    <ClCompile Include="..\..\..\addons\ofxTimeline\src\ofxTLColors.cpp">
      <Filter>addons\ofxTimeline\src</Filter>
    </ClCompile>
    <ClCompile Include="..\..\..\addons\ofxTimeline\src\ofxTLColorTrack.cpp">
      <Filter>addons\ofxTimeline\src</Filter>
    </ClCompile>
    <ClCompile Include="..\..\..\addons\ofxTimeline\src\ofxTLCurves.cpp">
      <Filter>addons\ofxTimeline\src</Filter>
    </ClCompile>
    <ClCompile Include="..\..\..\addons\ofxTimeline\src\ofxTLEmptyKeyframes.cpp">
      <Filter>addons\ofxTimeline\src</Filter>
    </ClCompile>
    <ClCompile Include="..\..\..\addons\ofxTimeline\src\ofxTLEmptyTrack.cpp">
      <Filter>addons\ofxTimeline\src</Filter>
    </ClCompile>
    <ClCompile Include="..\..\..\addons\ofxTimeline\src\ofxTLFlags.cpp">
      <Filter>addons\ofxTimeline\src</Filter>
    </ClCompile>
    <ClCompile Include="..\..\..\addons\ofxTimeline\src\ofxTLImageSequence.cpp">
      <Filter>addons\ofxTimeline\src</Filter>
    </ClCompile>
    <ClCompile Include="..\..\..\addons\ofxTimeline\src\ofxTLImageSequenceFrame.cpp">
      <Filter>addons\ofxTimeline\src</Filter>
    </ClCompile>
    <ClCompile Include="..\..\..\addons\ofxTimeline\src\ofxTLImageTrack.cpp">
      <Filter>addons\ofxTimeline\src</Filter>
    </ClCompile>
    <ClCompile Include="..\..\..\addons\ofxTimeline\src\ofxTLInOut.cpp">
      <Filter>addons\ofxTimeline\src</Filter>
    </ClCompile>
    <ClCompile Include="..\..\..\addons\ofxTimeline\src\ofxTLKeyframes.cpp">
      <Filter>addons\ofxTimeline\src</Filter>
    </ClCompile>
    <ClCompile Include="..\..\..\addons\ofxTimeline\src\ofxTLLFO.cpp">
      <Filter>addons\ofxTimeline\src</Filter>
    </ClCompile>
    <ClCompile Include="..\..\..\addons\ofxTimeline\src\ofxTLPage.cpp">
      <Filter>addons\ofxTimeline\src</Filter>
    </ClCompile>
    <ClCompile Include="..\..\..\addons\ofxTimeline\src\ofxTLPageTabs.cpp">
      <Filter>addons\ofxTimeline\src</Filter>
    </ClCompile>
    <ClCompile Include="..\..\..\addons\ofxTimeline\src\ofxTLSwitches.cpp">
      <Filter>addons\ofxTimeline\src</Filter>
    </ClCompile>
    <ClCompile Include="..\..\..\addons\ofxTimeline\src\ofxTLTicker.cpp">
      <Filter>addons\ofxTimeline\src</Filter>
    </ClCompile>
    <ClCompile Include="..\..\..\addons\ofxTimeline\src\ofxTLTrack.cpp">
      <Filter>addons\ofxTimeline\src</Filter>
    </ClCompile>
    <ClCompile Include="..\..\..\addons\ofxTimeline\src\ofxTLTrackHeader.cpp">
      <Filter>addons\ofxTimeline\src</Filter>
    </ClCompile>
    <ClCompile Include="..\..\..\addons\ofxTimeline\src\ofxTLVideoThumb.cpp">
      <Filter>addons\ofxTimeline\src</Filter>
    </ClCompile>
    <ClCompile Include="..\..\..\addons\ofxTimeline\src\ofxTLVideoTrack.cpp">
      <Filter>addons\ofxTimeline\src</Filter>
    </ClCompile>
    <ClCompile Include="..\..\..\addons\ofxTimeline\src\ofxTLZoomer.cpp">
      <Filter>addons\ofxTimeline\src</Filter>
    </ClCompile>
    <ClCompile Include="..\..\..\addons\ofxTween\src\Easings\ofxEasing.cpp">
      <Filter>addons\ofxTween\src\Easings</Filter>
    </ClCompile>
    <ClCompile Include="..\..\..\addons\ofxTween\src\Easings\ofxEasingBack.cpp">
      <Filter>addons\ofxTween\src\Easings</Filter>
    </ClCompile>
    <ClCompile Include="..\..\..\addons\ofxTween\src\Easings\ofxEasingBounce.cpp">
      <Filter>addons\ofxTween\src\Easings</Filter>
    </ClCompile>
    <ClCompile Include="..\..\..\addons\ofxTween\src\Easings\ofxEasingCirc.cpp">
      <Filter>addons\ofxTween\src\Easings</Filter>
    </ClCompile>
    <ClCompile Include="..\..\..\addons\ofxTween\src\Easings\ofxEasingCubic.cpp">
      <Filter>addons\ofxTween\src\Easings</Filter>
    </ClCompile>
    <ClCompile Include="..\..\..\addons\ofxTween\src\Easings\ofxEasingElastic.cpp">
      <Filter>addons\ofxTween\src\Easings</Filter>
    </ClCompile>
    <ClCompile Include="..\..\..\addons\ofxTween\src\Easings\ofxEasingExpo.cpp">
      <Filter>addons\ofxTween\src\Easings</Filter>
    </ClCompile>
    <ClCompile Include="..\..\..\addons\ofxTween\src\Easings\ofxEasingLinear.cpp">
      <Filter>addons\ofxTween\src\Easings</Filter>
    </ClCompile>
    <ClCompile Include="..\..\..\addons\ofxTween\src\Easings\ofxEasingQuad.cpp">
      <Filter>addons\ofxTween\src\Easings</Filter>
    </ClCompile>
    <ClCompile Include="..\..\..\addons\ofxTween\src\Easings\ofxEasingQuart.cpp">
      <Filter>addons\ofxTween\src\Easings</Filter>
    </ClCompile>
    <ClCompile Include="..\..\..\addons\ofxTween\src\Easings\ofxEasingQuint.cpp">
      <Filter>addons\ofxTween\src\Easings</Filter>
    </ClCompile>
    <ClCompile Include="..\..\..\addons\ofxTween\src\Easings\ofxEasingSine.cpp">
      <Filter>addons\ofxTween\src\Easings</Filter>
    </ClCompile>
    <ClCompile Include="..\..\..\addons\ofxTween\src\ofxTween.cpp">
      <Filter>addons\ofxTween\src</Filter>
    </ClCompile>
    <ClCompile Include="..\..\..\addons\ofxXmlSettings\src\ofxXmlSettings.cpp">
      <Filter>addons\ofxXmlSettings\src</Filter>
    </ClCompile>
    <ClCompile Include="..\..\..\addons\ofxXmlSettings\libs\tinyxml.cpp">
      <Filter>addons\ofxXmlSettings\libs</Filter>
    </ClCompile>
    <ClCompile Include="..\..\..\addons\ofxXmlSettings\libs\tinyxmlerror.cpp">
      <Filter>addons\ofxXmlSettings\libs</Filter>
    </ClCompile>
    <ClCompile Include="..\..\..\addons\ofxXmlSettings\libs\tinyxmlparser.cpp">
      <Filter>addons\ofxXmlSettings\libs</Filter>
    </ClCompile>
  </ItemGroup>
  <ItemGroup>
    <Filter Include="src">
      <UniqueIdentifier>{d8376475-7454-4a24-b08a-aac121d3ad6f}</UniqueIdentifier>
    </Filter>
    <Filter Include="addons">
      <UniqueIdentifier>{71834f65-f3a9-211e-73b8-dc8563776aec}</UniqueIdentifier>
    </Filter>
    <Filter Include="addons\ofxFTGL">
      <UniqueIdentifier>{57563682-f5c8-32f7-8507-391bc1f1894f}</UniqueIdentifier>
    </Filter>
    <Filter Include="addons\ofxFTGL\src">
      <UniqueIdentifier>{dab99e66-bff9-d8fc-4903-714c828d436c}</UniqueIdentifier>
    </Filter>
    <Filter Include="addons\ofxFTGL\libs">
      <UniqueIdentifier>{a27be0c5-eba8-b296-a7fc-2d5d0a2aca0c}</UniqueIdentifier>
    </Filter>
    <Filter Include="addons\ofxFTGL\libs\FTGL">
      <UniqueIdentifier>{a1802bb1-f112-3ed7-7aa3-2dc0935bd9fb}</UniqueIdentifier>
    </Filter>
    <Filter Include="addons\ofxFTGL\libs\FTGL\include">
      <UniqueIdentifier>{193cbacb-1aee-e0f8-a1b8-adc6019848e6}</UniqueIdentifier>
    </Filter>
    <Filter Include="addons\ofxFTGL\libs\FTGL\include\FTGL">
      <UniqueIdentifier>{c73df1b7-81e5-1b03-29a4-6b8f3cd35731}</UniqueIdentifier>
    </Filter>
    <Filter Include="addons\ofxLocalization">
      <UniqueIdentifier>{24c83c2b-09ad-deb6-81fc-86bf00215e49}</UniqueIdentifier>
    </Filter>
    <Filter Include="addons\ofxLocalization\src">
      <UniqueIdentifier>{f48681dd-b9a4-9ae0-562f-429a7fb7340f}</UniqueIdentifier>
    </Filter>
    <Filter Include="addons\ofxMSATimer">
      <UniqueIdentifier>{fa2c7f81-95ad-913a-95ee-6d674205f1e6}</UniqueIdentifier>
    </Filter>
    <Filter Include="addons\ofxMSATimer\src">
      <UniqueIdentifier>{21227b69-34ba-dc94-65c0-e08097e60473}</UniqueIdentifier>
    </Filter>
    <Filter Include="addons\ofxOsc">
      <UniqueIdentifier>{d91dca33-6e5d-4481-2aec-9fbb1b7355db}</UniqueIdentifier>
    </Filter>
    <Filter Include="addons\ofxOsc\src">
      <UniqueIdentifier>{b9dd339a-d93d-92a1-0a2f-4b41d690f257}</UniqueIdentifier>
    </Filter>
    <Filter Include="addons\ofxOsc\libs">
      <UniqueIdentifier>{99eca1d9-873f-4622-8fc0-fc7b46b76347}</UniqueIdentifier>
    </Filter>
    <Filter Include="addons\ofxOsc\libs\oscpack">
      <UniqueIdentifier>{d3a98534-1602-4fef-57a6-659374ee9b23}</UniqueIdentifier>
    </Filter>
    <Filter Include="addons\ofxOsc\libs\oscpack\src">
      <UniqueIdentifier>{bfb5bb47-98c8-bbcb-3066-1046a8b06581}</UniqueIdentifier>
    </Filter>
    <Filter Include="addons\ofxOsc\libs\oscpack\src\ip">
      <UniqueIdentifier>{5a029128-eb41-95c5-cbc0-cded454d99e6}</UniqueIdentifier>
    </Filter>
    <Filter Include="addons\ofxOsc\libs\oscpack\src\ip\posix">
      <UniqueIdentifier>{354c95cf-a234-0360-c6bc-af410d70c032}</UniqueIdentifier>
    </Filter>
    <Filter Include="addons\ofxOsc\libs\oscpack\src\ip\win32">
      <UniqueIdentifier>{79dfdfe2-400b-8654-3675-01a3f46a2e7e}</UniqueIdentifier>
    </Filter>
    <Filter Include="addons\ofxOsc\libs\oscpack\src\osc">
      <UniqueIdentifier>{edacb89c-9768-9551-4d41-b59015925509}</UniqueIdentifier>
    </Filter>
    <Filter Include="addons\ofxRange">
      <UniqueIdentifier>{c5cf358f-f6d6-0f61-5433-25f14c446730}</UniqueIdentifier>
    </Filter>
    <Filter Include="addons\ofxRange\src">
      <UniqueIdentifier>{afee1af4-3be7-35e2-f89c-feb8f18a60fd}</UniqueIdentifier>
    </Filter>
    <Filter Include="addons\ofxTextInputField">
      <UniqueIdentifier>{a4b02712-30e4-b504-c110-2c93e13629d3}</UniqueIdentifier>
    </Filter>
    <Filter Include="addons\ofxTextInputField\src">
      <UniqueIdentifier>{b67afc83-af32-6fe3-281f-ac212c044641}</UniqueIdentifier>
    </Filter>
    <Filter Include="addons\ofxTimecode">
      <UniqueIdentifier>{1b5cd1f2-714c-1a5f-97d0-2f9712f8476a}</UniqueIdentifier>
    </Filter>
    <Filter Include="addons\ofxTimecode\src">
      <UniqueIdentifier>{1e8626d6-b6a0-d240-f534-c5e88dad08e8}</UniqueIdentifier>
    </Filter>
    <Filter Include="addons\ofxTimeline">
      <UniqueIdentifier>{b6cb78c7-bc44-ad08-8e43-896c4501b36d}</UniqueIdentifier>
    </Filter>
    <Filter Include="addons\ofxTimeline\src">
      <UniqueIdentifier>{ac132e01-0f0d-5ff9-8d64-8dada9b5aa38}</UniqueIdentifier>
    </Filter>
    <Filter Include="addons\ofxTween">
      <UniqueIdentifier>{8a8810e8-a79d-7a1d-2f0a-7203302f4656}</UniqueIdentifier>
    </Filter>
    <Filter Include="addons\ofxTween\src">
      <UniqueIdentifier>{40ac4b42-6a5a-9537-eb82-d1b80d647dfc}</UniqueIdentifier>
    </Filter>
    <Filter Include="addons\ofxTween\src\Easings">
      <UniqueIdentifier>{ef0f6a8b-b04f-e782-21ef-d4ba278d3ee5}</UniqueIdentifier>
    </Filter>
    <Filter Include="addons\ofxUI">
      <UniqueIdentifier>{b492c5b0-ff91-9c5a-638a-31420f9e8d66}</UniqueIdentifier>
    </Filter>
    <Filter Include="addons\ofxUI\src">
      <UniqueIdentifier>{a00c2d23-6c11-bc86-3993-2cf0e345f895}</UniqueIdentifier>
    </Filter>
    <Filter Include="addons\ofxXmlSettings">
      <UniqueIdentifier>{877f005d-13e6-0592-1d97-f2e39d804d43}</UniqueIdentifier>
    </Filter>
    <Filter Include="addons\ofxXmlSettings\src">
      <UniqueIdentifier>{ccb2ac63-49d2-977c-cfe8-aeadb8be6a99}</UniqueIdentifier>
    </Filter>
    <Filter Include="addons\ofxXmlSettings\libs">
      <UniqueIdentifier>{687714a8-1662-fa1c-261f-50f068335398}</UniqueIdentifier>
    </Filter>
  </ItemGroup>
  <ItemGroup>
    <ClInclude Include="src\testApp.h">
      <Filter>src</Filter>
    </ClInclude>
    <ClInclude Include="src\DurationController.h">
      <Filter>src</Filter>
    </ClInclude>
    <ClInclude Include="src\ofxTLUIHeader.h">
      <Filter>src</Filter>
    </ClInclude>
    <ClInclude Include="src\testApp.h">
      <Filter>src</Filter>
    </ClInclude>
    <ClInclude Include="..\..\..\addons\ofxFTGL\src\ofxFTGLFont.h">
      <Filter>addons\ofxFTGL\src</Filter>
    </ClInclude>
    <ClInclude Include="..\..\..\addons\ofxFTGL\libs\FTGL\include\FTGL\FTBBox.h">
      <Filter>addons\ofxFTGL\libs\FTGL\include\FTGL</Filter>
    </ClInclude>
    <ClInclude Include="..\..\..\addons\ofxFTGL\libs\FTGL\include\FTGL\FTBitmapGlyph.h">
      <Filter>addons\ofxFTGL\libs\FTGL\include\FTGL</Filter>
    </ClInclude>
    <ClInclude Include="..\..\..\addons\ofxFTGL\libs\FTGL\include\FTGL\FTBuffer.h">
      <Filter>addons\ofxFTGL\libs\FTGL\include\FTGL</Filter>
    </ClInclude>
    <ClInclude Include="..\..\..\addons\ofxFTGL\libs\FTGL\include\FTGL\FTBufferFont.h">
      <Filter>addons\ofxFTGL\libs\FTGL\include\FTGL</Filter>
    </ClInclude>
    <ClInclude Include="..\..\..\addons\ofxFTGL\libs\FTGL\include\FTGL\FTBufferGlyph.h">
      <Filter>addons\ofxFTGL\libs\FTGL\include\FTGL</Filter>
    </ClInclude>
    <ClInclude Include="..\..\..\addons\ofxFTGL\libs\FTGL\include\FTGL\FTExtrdGlyph.h">
      <Filter>addons\ofxFTGL\libs\FTGL\include\FTGL</Filter>
    </ClInclude>
    <ClInclude Include="..\..\..\addons\ofxFTGL\libs\FTGL\include\FTGL\FTFont.h">
      <Filter>addons\ofxFTGL\libs\FTGL\include\FTGL</Filter>
    </ClInclude>
    <ClInclude Include="..\..\..\addons\ofxFTGL\libs\FTGL\include\FTGL\ftgl.h">
      <Filter>addons\ofxFTGL\libs\FTGL\include\FTGL</Filter>
    </ClInclude>
    <ClInclude Include="..\..\..\addons\ofxFTGL\libs\FTGL\include\FTGL\FTGLBitmapFont.h">
      <Filter>addons\ofxFTGL\libs\FTGL\include\FTGL</Filter>
    </ClInclude>
    <ClInclude Include="..\..\..\addons\ofxFTGL\libs\FTGL\include\FTGL\FTGLExtrdFont.h">
      <Filter>addons\ofxFTGL\libs\FTGL\include\FTGL</Filter>
    </ClInclude>
    <ClInclude Include="..\..\..\addons\ofxFTGL\libs\FTGL\include\FTGL\FTGLOutlineFont.h">
      <Filter>addons\ofxFTGL\libs\FTGL\include\FTGL</Filter>
    </ClInclude>
    <ClInclude Include="..\..\..\addons\ofxFTGL\libs\FTGL\include\FTGL\FTGLPixmapFont.h">
      <Filter>addons\ofxFTGL\libs\FTGL\include\FTGL</Filter>
    </ClInclude>
    <ClInclude Include="..\..\..\addons\ofxFTGL\libs\FTGL\include\FTGL\FTGLPolygonFont.h">
      <Filter>addons\ofxFTGL\libs\FTGL\include\FTGL</Filter>
    </ClInclude>
    <ClInclude Include="..\..\..\addons\ofxFTGL\libs\FTGL\include\FTGL\FTGLTextureFont.h">
      <Filter>addons\ofxFTGL\libs\FTGL\include\FTGL</Filter>
    </ClInclude>
    <ClInclude Include="..\..\..\addons\ofxFTGL\libs\FTGL\include\FTGL\FTGlyph.h">
      <Filter>addons\ofxFTGL\libs\FTGL\include\FTGL</Filter>
    </ClInclude>
    <ClInclude Include="..\..\..\addons\ofxFTGL\libs\FTGL\include\FTGL\FTLayout.h">
      <Filter>addons\ofxFTGL\libs\FTGL\include\FTGL</Filter>
    </ClInclude>
    <ClInclude Include="..\..\..\addons\ofxFTGL\libs\FTGL\include\FTGL\FTOutlineGlyph.h">
      <Filter>addons\ofxFTGL\libs\FTGL\include\FTGL</Filter>
    </ClInclude>
    <ClInclude Include="..\..\..\addons\ofxFTGL\libs\FTGL\include\FTGL\FTPixmapGlyph.h">
      <Filter>addons\ofxFTGL\libs\FTGL\include\FTGL</Filter>
    </ClInclude>
    <ClInclude Include="..\..\..\addons\ofxFTGL\libs\FTGL\include\FTGL\FTPoint.h">
      <Filter>addons\ofxFTGL\libs\FTGL\include\FTGL</Filter>
    </ClInclude>
    <ClInclude Include="..\..\..\addons\ofxFTGL\libs\FTGL\include\FTGL\FTPolyGlyph.h">
      <Filter>addons\ofxFTGL\libs\FTGL\include\FTGL</Filter>
    </ClInclude>
    <ClInclude Include="..\..\..\addons\ofxFTGL\libs\FTGL\include\FTGL\FTSimpleLayout.h">
      <Filter>addons\ofxFTGL\libs\FTGL\include\FTGL</Filter>
    </ClInclude>
    <ClInclude Include="..\..\..\addons\ofxFTGL\libs\FTGL\include\FTGL\FTTextureGlyph.h">
      <Filter>addons\ofxFTGL\libs\FTGL\include\FTGL</Filter>
    </ClInclude>
    <ClInclude Include="..\..\..\addons\ofxLocalization\src\ofxLocalization.h">
      <Filter>addons\ofxLocalization\src</Filter>
    </ClInclude>
    <ClInclude Include="..\..\..\addons\ofxMSATimer\src\ofxMSATimer.h">
      <Filter>addons\ofxMSATimer\src</Filter>
    </ClInclude>
    <ClInclude Include="..\..\..\addons\ofxOsc\src\ofxOsc.h">
      <Filter>addons\ofxOsc\src</Filter>
    </ClInclude>
    <ClInclude Include="..\..\..\addons\ofxOsc\src\ofxOscArg.h">
      <Filter>addons\ofxOsc\src</Filter>
    </ClInclude>
    <ClInclude Include="..\..\..\addons\ofxOsc\src\ofxOscBundle.h">
      <Filter>addons\ofxOsc\src</Filter>
    </ClInclude>
    <ClInclude Include="..\..\..\addons\ofxOsc\src\ofxOscMessage.h">
      <Filter>addons\ofxOsc\src</Filter>
    </ClInclude>
    <ClInclude Include="..\..\..\addons\ofxOsc\src\ofxOscReceiver.h">
      <Filter>addons\ofxOsc\src</Filter>
    </ClInclude>
    <ClInclude Include="..\..\..\addons\ofxOsc\src\ofxOscSender.h">
      <Filter>addons\ofxOsc\src</Filter>
    </ClInclude>
    <ClInclude Include="..\..\..\addons\ofxOsc\libs\oscpack\src\ip\IpEndpointName.h">
      <Filter>addons\ofxOsc\libs\oscpack\src\ip</Filter>
    </ClInclude>
    <ClInclude Include="..\..\..\addons\ofxOsc\libs\oscpack\src\ip\NetworkingUtils.h">
      <Filter>addons\ofxOsc\libs\oscpack\src\ip</Filter>
    </ClInclude>
    <ClInclude Include="..\..\..\addons\ofxOsc\libs\oscpack\src\ip\PacketListener.h">
      <Filter>addons\ofxOsc\libs\oscpack\src\ip</Filter>
    </ClInclude>
    <ClInclude Include="..\..\..\addons\ofxOsc\libs\oscpack\src\ip\TimerListener.h">
      <Filter>addons\ofxOsc\libs\oscpack\src\ip</Filter>
    </ClInclude>
    <ClInclude Include="..\..\..\addons\ofxOsc\libs\oscpack\src\ip\UdpSocket.h">
      <Filter>addons\ofxOsc\libs\oscpack\src\ip</Filter>
    </ClInclude>
    <ClInclude Include="..\..\..\addons\ofxOsc\libs\oscpack\src\osc\MessageMappingOscPacketListener.h">
      <Filter>addons\ofxOsc\libs\oscpack\src\osc</Filter>
    </ClInclude>
    <ClInclude Include="..\..\..\addons\ofxOsc\libs\oscpack\src\osc\OscException.h">
      <Filter>addons\ofxOsc\libs\oscpack\src\osc</Filter>
    </ClInclude>
    <ClInclude Include="..\..\..\addons\ofxOsc\libs\oscpack\src\osc\OscHostEndianness.h">
      <Filter>addons\ofxOsc\libs\oscpack\src\osc</Filter>
    </ClInclude>
    <ClInclude Include="..\..\..\addons\ofxOsc\libs\oscpack\src\osc\OscOutboundPacketStream.h">
      <Filter>addons\ofxOsc\libs\oscpack\src\osc</Filter>
    </ClInclude>
    <ClInclude Include="..\..\..\addons\ofxOsc\libs\oscpack\src\osc\OscPacketListener.h">
      <Filter>addons\ofxOsc\libs\oscpack\src\osc</Filter>
    </ClInclude>
    <ClInclude Include="..\..\..\addons\ofxOsc\libs\oscpack\src\osc\OscPrintReceivedElements.h">
      <Filter>addons\ofxOsc\libs\oscpack\src\osc</Filter>
    </ClInclude>
    <ClInclude Include="..\..\..\addons\ofxOsc\libs\oscpack\src\osc\OscReceivedElements.h">
      <Filter>addons\ofxOsc\libs\oscpack\src\osc</Filter>
    </ClInclude>
    <ClInclude Include="..\..\..\addons\ofxOsc\libs\oscpack\src\osc\OscTypes.h">
      <Filter>addons\ofxOsc\libs\oscpack\src\osc</Filter>
    </ClInclude>
    <ClInclude Include="..\..\..\addons\ofxRange\src\ofRange.h">
      <Filter>addons\ofxRange\src</Filter>
    </ClInclude>
    <ClInclude Include="..\..\..\addons\ofxTextInputField\src\ofxTextInputField.h">
      <Filter>addons\ofxTextInputField\src</Filter>
    </ClInclude>
    <ClInclude Include="..\..\..\addons\ofxTimecode\src\ofxTimecode.h">
      <Filter>addons\ofxTimecode\src</Filter>
    </ClInclude>
    <ClInclude Include="..\..\..\addons\ofxTimeline\src\ofxHotKeys.h">
      <Filter>addons\ofxTimeline\src</Filter>
    </ClInclude>
    <ClInclude Include="..\..\..\addons\ofxTimeline\src\ofxRemoveCocoaMenu.h">
      <Filter>addons\ofxTimeline\src</Filter>
    </ClInclude>
    <ClInclude Include="..\..\..\addons\ofxTimeline\src\ofxTimeline.h">
      <Filter>addons\ofxTimeline\src</Filter>
    </ClInclude>
    <ClInclude Include="..\..\..\addons\ofxTimeline\src\ofxTLBangs.h">
      <Filter>addons\ofxTimeline\src</Filter>
    </ClInclude>
    <ClInclude Include="..\..\..\addons\ofxTimeline\src\ofxTLColors.h">
      <Filter>addons\ofxTimeline\src</Filter>
    </ClInclude>
    <ClInclude Include="..\..\..\addons\ofxTimeline\src\ofxTLColorTrack.h">
      <Filter>addons\ofxTimeline\src</Filter>
    </ClInclude>
    <ClInclude Include="..\..\..\addons\ofxTimeline\src\ofxTLCurves.h">
      <Filter>addons\ofxTimeline\src</Filter>
    </ClInclude>
    <ClInclude Include="..\..\..\addons\ofxTimeline\src\ofxTLEmptyKeyframes.h">
      <Filter>addons\ofxTimeline\src</Filter>
    </ClInclude>
    <ClInclude Include="..\..\..\addons\ofxTimeline\src\ofxTLEmptyTrack.h">
      <Filter>addons\ofxTimeline\src</Filter>
    </ClInclude>
    <ClInclude Include="..\..\..\addons\ofxTimeline\src\ofxTLEvents.h">
      <Filter>addons\ofxTimeline\src</Filter>
    </ClInclude>
    <ClInclude Include="..\..\..\addons\ofxTimeline\src\ofxTLFlags.h">
      <Filter>addons\ofxTimeline\src</Filter>
    </ClInclude>
    <ClInclude Include="..\..\..\addons\ofxTimeline\src\ofxTLImageSequence.h">
      <Filter>addons\ofxTimeline\src</Filter>
    </ClInclude>
    <ClInclude Include="..\..\..\addons\ofxTimeline\src\ofxTLImageSequenceFrame.h">
      <Filter>addons\ofxTimeline\src</Filter>
    </ClInclude>
    <ClInclude Include="..\..\..\addons\ofxTimeline\src\ofxTLImageTrack.h">
      <Filter>addons\ofxTimeline\src</Filter>
    </ClInclude>
    <ClInclude Include="..\..\..\addons\ofxTimeline\src\ofxTLInOut.h">
      <Filter>addons\ofxTimeline\src</Filter>
    </ClInclude>
    <ClInclude Include="..\..\..\addons\ofxTimeline\src\ofxTLKeyframes.h">
      <Filter>addons\ofxTimeline\src</Filter>
    </ClInclude>
    <ClInclude Include="..\..\..\addons\ofxTimeline\src\ofxTLLFO.h">
      <Filter>addons\ofxTimeline\src</Filter>
    </ClInclude>
    <ClInclude Include="..\..\..\addons\ofxTimeline\src\ofxTLPage.h">
      <Filter>addons\ofxTimeline\src</Filter>
    </ClInclude>
    <ClInclude Include="..\..\..\addons\ofxTimeline\src\ofxTLPageTabs.h">
      <Filter>addons\ofxTimeline\src</Filter>
    </ClInclude>
    <ClInclude Include="..\..\..\addons\ofxTimeline\src\ofxTLSwitches.h">
      <Filter>addons\ofxTimeline\src</Filter>
    </ClInclude>
    <ClInclude Include="..\..\..\addons\ofxTimeline\src\ofxTLTicker.h">
      <Filter>addons\ofxTimeline\src</Filter>
    </ClInclude>
    <ClInclude Include="..\..\..\addons\ofxTimeline\src\ofxTLTrack.h">
      <Filter>addons\ofxTimeline\src</Filter>
    </ClInclude>
    <ClInclude Include="..\..\..\addons\ofxTimeline\src\ofxTLTrackHeader.h">
      <Filter>addons\ofxTimeline\src</Filter>
    </ClInclude>
    <ClInclude Include="..\..\..\addons\ofxTimeline\src\ofxTLVideoThumb.h">
      <Filter>addons\ofxTimeline\src</Filter>
    </ClInclude>
    <ClInclude Include="..\..\..\addons\ofxTimeline\src\ofxTLVideoTrack.h">
      <Filter>addons\ofxTimeline\src</Filter>
    </ClInclude>
    <ClInclude Include="..\..\..\addons\ofxTimeline\src\ofxTLZoomer.h">
      <Filter>addons\ofxTimeline\src</Filter>
    </ClInclude>
    <ClInclude Include="..\..\..\addons\ofxTween\src\Easings\easing_terms_of_use.html">
      <Filter>addons\ofxTween\src\Easings</Filter>
    </ClInclude>
    <ClInclude Include="..\..\..\addons\ofxTween\src\Easings\ofxEasing.h">
      <Filter>addons\ofxTween\src\Easings</Filter>
    </ClInclude>
    <ClInclude Include="..\..\..\addons\ofxTween\src\Easings\ofxEasingBack.h">
      <Filter>addons\ofxTween\src\Easings</Filter>
    </ClInclude>
    <ClInclude Include="..\..\..\addons\ofxTween\src\Easings\ofxEasingBounce.h">
      <Filter>addons\ofxTween\src\Easings</Filter>
    </ClInclude>
    <ClInclude Include="..\..\..\addons\ofxTween\src\Easings\ofxEasingCirc.h">
      <Filter>addons\ofxTween\src\Easings</Filter>
    </ClInclude>
    <ClInclude Include="..\..\..\addons\ofxTween\src\Easings\ofxEasingCubic.h">
      <Filter>addons\ofxTween\src\Easings</Filter>
    </ClInclude>
    <ClInclude Include="..\..\..\addons\ofxTween\src\Easings\ofxEasingElastic.h">
      <Filter>addons\ofxTween\src\Easings</Filter>
    </ClInclude>
    <ClInclude Include="..\..\..\addons\ofxTween\src\Easings\ofxEasingExpo.h">
      <Filter>addons\ofxTween\src\Easings</Filter>
    </ClInclude>
    <ClInclude Include="..\..\..\addons\ofxTween\src\Easings\ofxEasingLinear.h">
      <Filter>addons\ofxTween\src\Easings</Filter>
    </ClInclude>
    <ClInclude Include="..\..\..\addons\ofxTween\src\Easings\ofxEasingQuad.h">
      <Filter>addons\ofxTween\src\Easings</Filter>
    </ClInclude>
    <ClInclude Include="..\..\..\addons\ofxTween\src\Easings\ofxEasingQuart.h">
      <Filter>addons\ofxTween\src\Easings</Filter>
    </ClInclude>
    <ClInclude Include="..\..\..\addons\ofxTween\src\Easings\ofxEasingQuint.h">
      <Filter>addons\ofxTween\src\Easings</Filter>
    </ClInclude>
    <ClInclude Include="..\..\..\addons\ofxTween\src\Easings\ofxEasingSine.h">
      <Filter>addons\ofxTween\src\Easings</Filter>
    </ClInclude>
    <ClInclude Include="..\..\..\addons\ofxTween\src\ofxTween.h">
      <Filter>addons\ofxTween\src</Filter>
    </ClInclude>
    <ClInclude Include="..\..\..\addons\ofxUI\src\ofxUI.h">
      <Filter>addons\ofxUI\src</Filter>
    </ClInclude>
    <ClInclude Include="..\..\..\addons\ofxUI\src\ofxUI2DPad.h">
      <Filter>addons\ofxUI\src</Filter>
    </ClInclude>
    <ClInclude Include="..\..\..\addons\ofxUI\src\ofxUIBiLabelSlider.h">
      <Filter>addons\ofxUI\src</Filter>
    </ClInclude>
    <ClInclude Include="..\..\..\addons\ofxUI\src\ofxUIButton.h">
      <Filter>addons\ofxUI\src</Filter>
    </ClInclude>
    <ClInclude Include="..\..\..\addons\ofxUI\src\ofxUICanvas.h">
      <Filter>addons\ofxUI\src</Filter>
    </ClInclude>
    <ClInclude Include="..\..\..\addons\ofxUI\src\ofxUICircleSlider.h">
      <Filter>addons\ofxUI\src</Filter>
    </ClInclude>
    <ClInclude Include="..\..\..\addons\ofxUI\src\ofxUICustomImageButton.h">
      <Filter>addons\ofxUI\src</Filter>
    </ClInclude>
    <ClInclude Include="..\..\..\addons\ofxUI\src\ofxUIDropDownList.h">
      <Filter>addons\ofxUI\src</Filter>
    </ClInclude>
    <ClInclude Include="..\..\..\addons\ofxUI\src\ofxUIEventArgs.h">
      <Filter>addons\ofxUI\src</Filter>
    </ClInclude>
    <ClInclude Include="..\..\..\addons\ofxUI\src\ofxUIFPS.h">
      <Filter>addons\ofxUI\src</Filter>
    </ClInclude>
    <ClInclude Include="..\..\..\addons\ofxUI\src\ofxUIFPSSlider.h">
      <Filter>addons\ofxUI\src</Filter>
    </ClInclude>
    <ClInclude Include="..\..\..\addons\ofxUI\src\ofxUIImage.h">
      <Filter>addons\ofxUI\src</Filter>
    </ClInclude>
    <ClInclude Include="..\..\..\addons\ofxUI\src\ofxUIImageButton.h">
      <Filter>addons\ofxUI\src</Filter>
    </ClInclude>
    <ClInclude Include="..\..\..\addons\ofxUI\src\ofxUIImageSampler.h">
      <Filter>addons\ofxUI\src</Filter>
    </ClInclude>
    <ClInclude Include="..\..\..\addons\ofxUI\src\ofxUIImageSlider.h">
      <Filter>addons\ofxUI\src</Filter>
    </ClInclude>
    <ClInclude Include="..\..\..\addons\ofxUI\src\ofxUIImageToggle.h">
      <Filter>addons\ofxUI\src</Filter>
    </ClInclude>
    <ClInclude Include="..\..\..\addons\ofxUI\src\ofxUILabel.h">
      <Filter>addons\ofxUI\src</Filter>
    </ClInclude>
    <ClInclude Include="..\..\..\addons\ofxUI\src\ofxUILabelButton.h">
      <Filter>addons\ofxUI\src</Filter>
    </ClInclude>
    <ClInclude Include="..\..\..\addons\ofxUI\src\ofxUILabelToggle.h">
      <Filter>addons\ofxUI\src</Filter>
    </ClInclude>
    <ClInclude Include="..\..\..\addons\ofxUI\src\ofxUIMinimalSlider.h">
      <Filter>addons\ofxUI\src</Filter>
    </ClInclude>
    <ClInclude Include="..\..\..\addons\ofxUI\src\ofxUIMovingGraph.h">
      <Filter>addons\ofxUI\src</Filter>
    </ClInclude>
    <ClInclude Include="..\..\..\addons\ofxUI\src\ofxUIMultiImageButton.h">
      <Filter>addons\ofxUI\src</Filter>
    </ClInclude>
    <ClInclude Include="..\..\..\addons\ofxUI\src\ofxUIMultiImageSlider.h">
      <Filter>addons\ofxUI\src</Filter>
    </ClInclude>
    <ClInclude Include="..\..\..\addons\ofxUI\src\ofxUIMultiImageToggle.h">
      <Filter>addons\ofxUI\src</Filter>
    </ClInclude>
    <ClInclude Include="..\..\..\addons\ofxUI\src\ofxUINumberDialer.h">
      <Filter>addons\ofxUI\src</Filter>
    </ClInclude>
    <ClInclude Include="..\..\..\addons\ofxUI\src\ofxUIRadio.h">
      <Filter>addons\ofxUI\src</Filter>
    </ClInclude>
    <ClInclude Include="..\..\..\addons\ofxUI\src\ofxUIRangeSlider.h">
      <Filter>addons\ofxUI\src</Filter>
    </ClInclude>
    <ClInclude Include="..\..\..\addons\ofxUI\src\ofxUIRectangle.h">
      <Filter>addons\ofxUI\src</Filter>
    </ClInclude>
    <ClInclude Include="..\..\..\addons\ofxUI\src\ofxUIRotarySlider.h">
      <Filter>addons\ofxUI\src</Filter>
    </ClInclude>
    <ClInclude Include="..\..\..\addons\ofxUI\src\ofxUIScrollableCanvas.h">
      <Filter>addons\ofxUI\src</Filter>
    </ClInclude>
    <ClInclude Include="..\..\..\addons\ofxUI\src\ofxUISlider.h">
      <Filter>addons\ofxUI\src</Filter>
    </ClInclude>
    <ClInclude Include="..\..\..\addons\ofxUI\src\ofxUISpacer.h">
      <Filter>addons\ofxUI\src</Filter>
    </ClInclude>
    <ClInclude Include="..\..\..\addons\ofxUI\src\ofxUISpectrum.h">
      <Filter>addons\ofxUI\src</Filter>
    </ClInclude>
    <ClInclude Include="..\..\..\addons\ofxUI\src\ofxUITextArea.h">
      <Filter>addons\ofxUI\src</Filter>
    </ClInclude>
    <ClInclude Include="..\..\..\addons\ofxUI\src\ofxUITextInput.h">
      <Filter>addons\ofxUI\src</Filter>
    </ClInclude>
    <ClInclude Include="..\..\..\addons\ofxUI\src\ofxUIToggle.h">
      <Filter>addons\ofxUI\src</Filter>
    </ClInclude>
    <ClInclude Include="..\..\..\addons\ofxUI\src\ofxUIToggleMatrix.h">
      <Filter>addons\ofxUI\src</Filter>
    </ClInclude>
    <ClInclude Include="..\..\..\addons\ofxUI\src\ofxUIWaveform.h">
      <Filter>addons\ofxUI\src</Filter>
    </ClInclude>
    <ClInclude Include="..\..\..\addons\ofxUI\src\ofxUIWidget.h">
      <Filter>addons\ofxUI\src</Filter>
    </ClInclude>
    <ClInclude Include="..\..\..\addons\ofxUI\src\ofxUIWidgetWithLabel.h">
      <Filter>addons\ofxUI\src</Filter>
    </ClInclude>
    <ClInclude Include="..\..\..\addons\ofxXmlSettings\src\ofxXmlSettings.h">
      <Filter>addons\ofxXmlSettings\src</Filter>
    </ClInclude>
    <ClInclude Include="..\..\..\addons\ofxXmlSettings\libs\tinyxml.h">
      <Filter>addons\ofxXmlSettings\libs</Filter>
    </ClInclude>
    <ClInclude Include="src\Resources.h">
      <Filter>src</Filter>
    </ClInclude>
  </ItemGroup>
  <ItemGroup>
    <ResourceCompile Include="Duration.rc" />
  </ItemGroup>
</Project>